
Microsoft Visual Studio Solution File, Format Version 12.00
# Visual Studio Version 16
VisualStudioVersion = 16.0.31702.278
MinimumVisualStudioVersion = 10.0.40219.1
Project("{FAE04EC0-301F-11D3-BF4B-00C04F79EFBC}") = "FactoryService", "FactoryService\FactoryService.csproj", "{195D700D-7B92-4151-BB56-6D55893F3D86}"
EndProject
Global
	GlobalSection(SolutionConfigurationPlatforms) = preSolution
		Debug|Any CPU = Debug|Any CPU
		Release|Any CPU = Release|Any CPU
	EndGlobalSection
	GlobalSection(ProjectConfigurationPlatforms) = postSolution
		{195D700D-7B92-4151-BB56-6D55893F3D86}.Debug|Any CPU.ActiveCfg = Debug|Any CPU
		{195D700D-7B92-4151-BB56-6D55893F3D86}.Debug|Any CPU.Build.0 = Debug|Any CPU
		{195D700D-7B92-4151-BB56-6D55893F3D86}.Release|Any CPU.ActiveCfg = Release|Any CPU
		{195D700D-7B92-4151-BB56-6D55893F3D86}.Release|Any CPU.Build.0 = Release|Any CPU
	EndGlobalSection
	GlobalSection(SolutionProperties) = preSolution
		HideSolutionNode = FALSE
	EndGlobalSection
	GlobalSection(ExtensibilityGlobals) = postSolution
		SolutionGuid = {EE7BB6E0-D34D-49DF-8378-5D21C2BD9355}
	EndGlobalSection
EndGlobal
