
Microsoft Visual Studio Solution File, Format Version 12.00
# Visual Studio Version 16
VisualStudioVersion = 16.0.31702.278
MinimumVisualStudioVersion = 10.0.40219.1
Project("{FAE04EC0-301F-11D3-BF4B-00C04F79EFBC}") = "DiagnoseService", "DiagnoseService\DiagnoseService.csproj", "{BAE88DD2-A64F-4832-A623-8D2BC7FA8F5B}"
EndProject
Global
	GlobalSection(SolutionConfigurationPlatforms) = preSolution
		Debug|Any CPU = Debug|Any CPU
		Release|Any CPU = Release|Any CPU
	EndGlobalSection
	GlobalSection(ProjectConfigurationPlatforms) = postSolution
		{BAE88DD2-A64F-4832-A623-8D2BC7FA8F5B}.Debug|Any CPU.ActiveCfg = Debug|Any CPU
		{BAE88DD2-A64F-4832-A623-8D2BC7FA8F5B}.Debug|Any CPU.Build.0 = Debug|Any CPU
		{BAE88DD2-A64F-4832-A623-8D2BC7FA8F5B}.Release|Any CPU.ActiveCfg = Release|Any CPU
		{BAE88DD2-A64F-4832-A623-8D2BC7FA8F5B}.Release|Any CPU.Build.0 = Release|Any CPU
	EndGlobalSection
	GlobalSection(SolutionProperties) = preSolution
		HideSolutionNode = FALSE
	EndGlobalSection
	GlobalSection(ExtensibilityGlobals) = postSolution
		SolutionGuid = {13BB1A10-1B0C-4B2A-B91F-9A8FDF66B6CF}
	EndGlobalSection
EndGlobal
